// !$*UTF8*$!
{
	archiveVersion = 1;
	classes = {
	};
	objectVersion = 60;
	objects = {

/* Begin PBXBuildFile section */
		279BAEAF2C63AC75003DC88E /* RealityKitContent in Frameworks */ = {isa = PBXBuildFile; productRef = 279BAEAE2C63AC75003DC88E /* RealityKitContent */; };
		279BAEB12C63AC75003DC88E /* Hidden_BoxApp.swift in Sources */ = {isa = PBXBuildFile; fileRef = 279BAEB02C63AC75003DC88E /* Hidden_BoxApp.swift */; };
		279BAEB32C63AC75003DC88E /* ContentView.swift in Sources */ = {isa = PBXBuildFile; fileRef = 279BAEB22C63AC75003DC88E /* ContentView.swift */; };
		279BAEB52C63AC75003DC88E /* AppModel.swift in Sources */ = {isa = PBXBuildFile; fileRef = 279BAEB42C63AC75003DC88E /* AppModel.swift */; };
		279BAEB72C63AC75003DC88E /* ToggleImmersiveSpaceButton.swift in Sources */ = {isa = PBXBuildFile; fileRef = 279BAEB62C63AC75003DC88E /* ToggleImmersiveSpaceButton.swift */; };
		279BAEB92C63AC75003DC88E /* ImmersiveView.swift in Sources */ = {isa = PBXBuildFile; fileRef = 279BAEB82C63AC75003DC88E /* ImmersiveView.swift */; };
		279BAEBB2C63AC76003DC88E /* Assets.xcassets in Resources */ = {isa = PBXBuildFile; fileRef = 279BAEBA2C63AC76003DC88E /* Assets.xcassets */; };
		279BAEBE2C63AC76003DC88E /* Preview Assets.xcassets in Resources */ = {isa = PBXBuildFile; fileRef = 279BAEBD2C63AC76003DC88E /* Preview Assets.xcassets */; };
		27ECBAED2CA7782D0050FE87 /* PlaneTrackingManager.swift in Sources */ = {isa = PBXBuildFile; fileRef = 27ECBAEC2CA7781F0050FE87 /* PlaneTrackingManager.swift */; };
/* End PBXBuildFile section */

/* Begin PBXFileReference section */
		279BAEA92C63AC75003DC88E /* Hidden Box.app */ = {isa = PBXFileReference; explicitFileType = wrapper.application; includeInIndex = 0; path = "Hidden Box.app"; sourceTree = BUILT_PRODUCTS_DIR; };
		279BAEAD2C63AC75003DC88E /* RealityKitContent */ = {isa = PBXFileReference; lastKnownFileType = wrapper; path = RealityKitContent; sourceTree = "<group>"; };
		279BAEB02C63AC75003DC88E /* Hidden_BoxApp.swift */ = {isa = PBXFileReference; lastKnownFileType = sourcecode.swift; path = Hidden_BoxApp.swift; sourceTree = "<group>"; };
		279BAEB22C63AC75003DC88E /* ContentView.swift */ = {isa = PBXFileReference; lastKnownFileType = sourcecode.swift; path = ContentView.swift; sourceTree = "<group>"; };
		279BAEB42C63AC75003DC88E /* AppModel.swift */ = {isa = PBXFileReference; lastKnownFileType = sourcecode.swift; path = AppModel.swift; sourceTree = "<group>"; };
		279BAEB62C63AC75003DC88E /* ToggleImmersiveSpaceButton.swift */ = {isa = PBXFileReference; lastKnownFileType = sourcecode.swift; path = ToggleImmersiveSpaceButton.swift; sourceTree = "<group>"; };
		279BAEB82C63AC75003DC88E /* ImmersiveView.swift */ = {isa = PBXFileReference; lastKnownFileType = sourcecode.swift; path = ImmersiveView.swift; sourceTree = "<group>"; };
		279BAEBA2C63AC76003DC88E /* Assets.xcassets */ = {isa = PBXFileReference; lastKnownFileType = folder.assetcatalog; path = Assets.xcassets; sourceTree = "<group>"; };
		279BAEBD2C63AC76003DC88E /* Preview Assets.xcassets */ = {isa = PBXFileReference; lastKnownFileType = folder.assetcatalog; path = "Preview Assets.xcassets"; sourceTree = "<group>"; };
		279BAEBF2C63AC76003DC88E /* Info.plist */ = {isa = PBXFileReference; lastKnownFileType = text.plist.xml; path = Info.plist; sourceTree = "<group>"; };
		27ECBAEC2CA7781F0050FE87 /* PlaneTrackingManager.swift */ = {isa = PBXFileReference; lastKnownFileType = sourcecode.swift; path = PlaneTrackingManager.swift; sourceTree = "<group>"; };
/* End PBXFileReference section */

/* Begin PBXFrameworksBuildPhase section */
		279BAEA62C63AC75003DC88E /* Frameworks */ = {
			isa = PBXFrameworksBuildPhase;
			buildActionMask = 2147483647;
			files = (
				279BAEAF2C63AC75003DC88E /* RealityKitContent in Frameworks */,
			);
			runOnlyForDeploymentPostprocessing = 0;
		};
/* End PBXFrameworksBuildPhase section */

/* Begin PBXGroup section */
		279BAEA02C63AC75003DC88E = {
			isa = PBXGroup;
			children = (
				279BAEAB2C63AC75003DC88E /* Hidden Box */,
				279BAEAC2C63AC75003DC88E /* Packages */,
				279BAEAA2C63AC75003DC88E /* Products */,
			);
			sourceTree = "<group>";
		};
		279BAEAA2C63AC75003DC88E /* Products */ = {
			isa = PBXGroup;
			children = (
				279BAEA92C63AC75003DC88E /* Hidden Box.app */,
			);
			name = Products;
			sourceTree = "<group>";
		};
		279BAEAB2C63AC75003DC88E /* Hidden Box */ = {
			isa = PBXGroup;
			children = (
				27ECBAEC2CA7781F0050FE87 /* PlaneTrackingManager.swift */,
				279BAEB02C63AC75003DC88E /* Hidden_BoxApp.swift */,
				279BAEB22C63AC75003DC88E /* ContentView.swift */,
				279BAEB42C63AC75003DC88E /* AppModel.swift */,
				279BAEB62C63AC75003DC88E /* ToggleImmersiveSpaceButton.swift */,
				279BAEB82C63AC75003DC88E /* ImmersiveView.swift */,
				279BAEBA2C63AC76003DC88E /* Assets.xcassets */,
				279BAEBF2C63AC76003DC88E /* Info.plist */,
				279BAEBC2C63AC76003DC88E /* Preview Content */,
			);
			path = "Hidden Box";
			sourceTree = "<group>";
		};
		279BAEAC2C63AC75003DC88E /* Packages */ = {
			isa = PBXGroup;
			children = (
				279BAEAD2C63AC75003DC88E /* RealityKitContent */,
			);
			path = Packages;
			sourceTree = "<group>";
		};
		279BAEBC2C63AC76003DC88E /* Preview Content */ = {
			isa = PBXGroup;
			children = (
				279BAEBD2C63AC76003DC88E /* Preview Assets.xcassets */,
			);
			path = "Preview Content";
			sourceTree = "<group>";
		};
/* End PBXGroup section */

/* Begin PBXNativeTarget section */
		279BAEA82C63AC75003DC88E /* Hidden Box */ = {
			isa = PBXNativeTarget;
			buildConfigurationList = 279BAEC22C63AC76003DC88E /* Build configuration list for PBXNativeTarget "Hidden Box" */;
			buildPhases = (
				279BAEA52C63AC75003DC88E /* Sources */,
				279BAEA62C63AC75003DC88E /* Frameworks */,
				279BAEA72C63AC75003DC88E /* Resources */,
			);
			buildRules = (
			);
			dependencies = (
			);
			name = "Hidden Box";
			packageProductDependencies = (
				279BAEAE2C63AC75003DC88E /* RealityKitContent */,
			);
			productName = "Hidden Box";
			productReference = 279BAEA92C63AC75003DC88E /* Hidden Box.app */;
			productType = "com.apple.product-type.application";
		};
/* End PBXNativeTarget section */

/* Begin PBXProject section */
		279BAEA12C63AC75003DC88E /* Project object */ = {
			isa = PBXProject;
			attributes = {
				BuildIndependentTargetsInParallel = 1;
				LastSwiftUpdateCheck = 1600;
				LastUpgradeCheck = 1600;
				TargetAttributes = {
					279BAEA82C63AC75003DC88E = {
						CreatedOnToolsVersion = 16.0;
					};
				};
			};
			buildConfigurationList = 279BAEA42C63AC75003DC88E /* Build configuration list for PBXProject "Hidden Box" */;
			compatibilityVersion = "Xcode 15.0";
			developmentRegion = en;
			hasScannedForEncodings = 0;
			knownRegions = (
				en,
				Base,
			);
			mainGroup = 279BAEA02C63AC75003DC88E;
			productRefGroup = 279BAEAA2C63AC75003DC88E /* Products */;
			projectDirPath = "";
			projectRoot = "";
			targets = (
				279BAEA82C63AC75003DC88E /* Hidden Box */,
			);
		};
/* End PBXProject section */

/* Begin PBXResourcesBuildPhase section */
		279BAEA72C63AC75003DC88E /* Resources */ = {
			isa = PBXResourcesBuildPhase;
			buildActionMask = 2147483647;
			files = (
				279BAEBE2C63AC76003DC88E /* Preview Assets.xcassets in Resources */,
				279BAEBB2C63AC76003DC88E /* Assets.xcassets in Resources */,
			);
			runOnlyForDeploymentPostprocessing = 0;
		};
/* End PBXResourcesBuildPhase section */

/* Begin PBXSourcesBuildPhase section */
		279BAEA52C63AC75003DC88E /* Sources */ = {
			isa = PBXSourcesBuildPhase;
			buildActionMask = 2147483647;
			files = (
				279BAEB72C63AC75003DC88E /* ToggleImmersiveSpaceButton.swift in Sources */,
				27ECBAED2CA7782D0050FE87 /* PlaneTrackingManager.swift in Sources */,
				279BAEB32C63AC75003DC88E /* ContentView.swift in Sources */,
				279BAEB92C63AC75003DC88E /* ImmersiveView.swift in Sources */,
				279BAEB52C63AC75003DC88E /* AppModel.swift in Sources */,
				279BAEB12C63AC75003DC88E /* Hidden_BoxApp.swift in Sources */,
			);
			runOnlyForDeploymentPostprocessing = 0;
		};
/* End PBXSourcesBuildPhase section */

/* Begin XCBuildConfiguration section */
		279BAEC02C63AC76003DC88E /* Debug */ = {
			isa = XCBuildConfiguration;
			buildSettings = {
				ALWAYS_SEARCH_USER_PATHS = NO;
				ASSETCATALOG_COMPILER_GENERATE_SWIFT_ASSET_SYMBOL_EXTENSIONS = YES;
				CLANG_ANALYZER_NONNULL = YES;
				CLANG_ANALYZER_NUMBER_OBJECT_CONVERSION = YES_AGGRESSIVE;
				CLANG_CXX_LANGUAGE_STANDARD = "gnu++20";
				CLANG_ENABLE_MODULES = YES;
				CLANG_ENABLE_OBJC_ARC = YES;
				CLANG_ENABLE_OBJC_WEAK = YES;
				CLANG_WARN_BLOCK_CAPTURE_AUTORELEASING = YES;
				CLANG_WARN_BOOL_CONVERSION = YES;
				CLANG_WARN_COMMA = YES;
				CLANG_WARN_CONSTANT_CONVERSION = YES;
				CLANG_WARN_DEPRECATED_OBJC_IMPLEMENTATIONS = YES;
				CLANG_WARN_DIRECT_OBJC_ISA_USAGE = YES_ERROR;
				CLANG_WARN_DOCUMENTATION_COMMENTS = YES;
				CLANG_WARN_EMPTY_BODY = YES;
				CLANG_WARN_ENUM_CONVERSION = YES;
				CLANG_WARN_INFINITE_RECURSION = YES;
				CLANG_WARN_INT_CONVERSION = YES;
				CLANG_WARN_NON_LITERAL_NULL_CONVERSION = YES;
				CLANG_WARN_OBJC_IMPLICIT_RETAIN_SELF = YES;
				CLANG_WARN_OBJC_LITERAL_CONVERSION = YES;
				CLANG_WARN_OBJC_ROOT_CLASS = YES_ERROR;
				CLANG_WARN_QUOTED_INCLUDE_IN_FRAMEWORK_HEADER = YES;
				CLANG_WARN_RANGE_LOOP_ANALYSIS = YES;
				CLANG_WARN_STRICT_PROTOTYPES = YES;
				CLANG_WARN_SUSPICIOUS_MOVE = YES;
				CLANG_WARN_UNGUARDED_AVAILABILITY = YES_AGGRESSIVE;
				CLANG_WARN_UNREACHABLE_CODE = YES;
				CLANG_WARN__DUPLICATE_METHOD_MATCH = YES;
				COPY_PHASE_STRIP = NO;
				DEBUG_INFORMATION_FORMAT = dwarf;
				ENABLE_STRICT_OBJC_MSGSEND = YES;
				ENABLE_TESTABILITY = YES;
				ENABLE_USER_SCRIPT_SANDBOXING = YES;
				GCC_C_LANGUAGE_STANDARD = gnu17;
				GCC_DYNAMIC_NO_PIC = NO;
				GCC_NO_COMMON_BLOCKS = YES;
				GCC_OPTIMIZATION_LEVEL = 0;
				GCC_PREPROCESSOR_DEFINITIONS = (
					"DEBUG=1",
					"$(inherited)",
				);
				GCC_WARN_64_TO_32_BIT_CONVERSION = YES;
				GCC_WARN_ABOUT_RETURN_TYPE = YES_ERROR;
				GCC_WARN_UNDECLARED_SELECTOR = YES;
				GCC_WARN_UNINITIALIZED_AUTOS = YES_AGGRESSIVE;
				GCC_WARN_UNUSED_FUNCTION = YES;
				GCC_WARN_UNUSED_VARIABLE = YES;
				LOCALIZATION_PREFERS_STRING_CATALOGS = YES;
				MTL_ENABLE_DEBUG_INFO = INCLUDE_SOURCE;
				MTL_FAST_MATH = YES;
				ONLY_ACTIVE_ARCH = YES;
				SDKROOT = xros;
				SWIFT_ACTIVE_COMPILATION_CONDITIONS = "DEBUG $(inherited)";
				SWIFT_OPTIMIZATION_LEVEL = "-Onone";
				XROS_DEPLOYMENT_TARGET = 2.0;
			};
			name = Debug;
		};
		279BAEC12C63AC76003DC88E /* Release */ = {
			isa = XCBuildConfiguration;
			buildSettings = {
				ALWAYS_SEARCH_USER_PATHS = NO;
				ASSETCATALOG_COMPILER_GENERATE_SWIFT_ASSET_SYMBOL_EXTENSIONS = YES;
				CLANG_ANALYZER_NONNULL = YES;
				CLANG_ANALYZER_NUMBER_OBJECT_CONVERSION = YES_AGGRESSIVE;
				CLANG_CXX_LANGUAGE_STANDARD = "gnu++20";
				CLANG_ENABLE_MODULES = YES;
				CLANG_ENABLE_OBJC_ARC = YES;
				CLANG_ENABLE_OBJC_WEAK = YES;
				CLANG_WARN_BLOCK_CAPTURE_AUTORELEASING = YES;
				CLANG_WARN_BOOL_CONVERSION = YES;
				CLANG_WARN_COMMA = YES;
				CLANG_WARN_CONSTANT_CONVERSION = YES;
				CLANG_WARN_DEPRECATED_OBJC_IMPLEMENTATIONS = YES;
				CLANG_WARN_DIRECT_OBJC_ISA_USAGE = YES_ERROR;
				CLANG_WARN_DOCUMENTATION_COMMENTS = YES;
				CLANG_WARN_EMPTY_BODY = YES;
				CLANG_WARN_ENUM_CONVERSION = YES;
				CLANG_WARN_INFINITE_RECURSION = YES;
				CLANG_WARN_INT_CONVERSION = YES;
				CLANG_WARN_NON_LITERAL_NULL_CONVERSION = YES;
				CLANG_WARN_OBJC_IMPLICIT_RETAIN_SELF = YES;
				CLANG_WARN_OBJC_LITERAL_CONVERSION = YES;
				CLANG_WARN_OBJC_ROOT_CLASS = YES_ERROR;
				CLANG_WARN_QUOTED_INCLUDE_IN_FRAMEWORK_HEADER = YES;
				CLANG_WARN_RANGE_LOOP_ANALYSIS = YES;
				CLANG_WARN_STRICT_PROTOTYPES = YES;
				CLANG_WARN_SUSPICIOUS_MOVE = YES;
				CLANG_WARN_UNGUARDED_AVAILABILITY = YES_AGGRESSIVE;
				CLANG_WARN_UNREACHABLE_CODE = YES;
				CLANG_WARN__DUPLICATE_METHOD_MATCH = YES;
				COPY_PHASE_STRIP = NO;
				DEBUG_INFORMATION_FORMAT = "dwarf-with-dsym";
				ENABLE_NS_ASSERTIONS = NO;
				ENABLE_STRICT_OBJC_MSGSEND = YES;
				ENABLE_USER_SCRIPT_SANDBOXING = YES;
				GCC_C_LANGUAGE_STANDARD = gnu17;
				GCC_NO_COMMON_BLOCKS = YES;
				GCC_WARN_64_TO_32_BIT_CONVERSION = YES;
				GCC_WARN_ABOUT_RETURN_TYPE = YES_ERROR;
				GCC_WARN_UNDECLARED_SELECTOR = YES;
				GCC_WARN_UNINITIALIZED_AUTOS = YES_AGGRESSIVE;
				GCC_WARN_UNUSED_FUNCTION = YES;
				GCC_WARN_UNUSED_VARIABLE = YES;
				LOCALIZATION_PREFERS_STRING_CATALOGS = YES;
				MTL_ENABLE_DEBUG_INFO = NO;
				MTL_FAST_MATH = YES;
				SDKROOT = xros;
				SWIFT_COMPILATION_MODE = wholemodule;
				VALIDATE_PRODUCT = YES;
				XROS_DEPLOYMENT_TARGET = 2.0;
			};
			name = Release;
		};
		279BAEC32C63AC76003DC88E /* Debug */ = {
			isa = XCBuildConfiguration;
			buildSettings = {
				ASSETCATALOG_COMPILER_APPICON_NAME = AppIcon;
				ASSETCATALOG_COMPILER_GLOBAL_ACCENT_COLOR_NAME = AccentColor;
				CODE_SIGN_STYLE = Automatic;
				CURRENT_PROJECT_VERSION = 1;
				DEVELOPMENT_ASSET_PATHS = "\"Hidden Box/Preview Content\"";
				DEVELOPMENT_TEAM = JV9PMB7QFN;
				ENABLE_PREVIEWS = YES;
				GENERATE_INFOPLIST_FILE = YES;
				INFOPLIST_FILE = "$(TARGET_NAME)/Info.plist";
				LD_RUNPATH_SEARCH_PATHS = (
					"$(inherited)",
					"@executable_path/Frameworks",
				);
				MARKETING_VERSION = 1.0;
				PRODUCT_BUNDLE_IDENTIFIER = "Sarang-Borude.Hidden-Box";
				PRODUCT_NAME = "$(TARGET_NAME)";
				SUPPORTED_PLATFORMS = "xros xrsimulator";
				SWIFT_EMIT_LOC_STRINGS = YES;
				SWIFT_VERSION = 5.0;
				TARGETED_DEVICE_FAMILY = 7;
			};
			name = Debug;
		};
		279BAEC42C63AC76003DC88E /* Release */ = {
			isa = XCBuildConfiguration;
			buildSettings = {
				ASSETCATALOG_COMPILER_APPICON_NAME = AppIcon;
				ASSETCATALOG_COMPILER_GLOBAL_ACCENT_COLOR_NAME = AccentColor;
				CODE_SIGN_STYLE = Automatic;
				CURRENT_PROJECT_VERSION = 1;
				DEVELOPMENT_ASSET_PATHS = "\"Hidden Box/Preview Content\"";
				DEVELOPMENT_TEAM = JV9PMB7QFN;
				ENABLE_PREVIEWS = YES;
				GENERATE_INFOPLIST_FILE = YES;
				INFOPLIST_FILE = "$(TARGET_NAME)/Info.plist";
				LD_RUNPATH_SEARCH_PATHS = (
					"$(inherited)",
					"@executable_path/Frameworks",
				);
				MARKETING_VERSION = 1.0;
				PRODUCT_BUNDLE_IDENTIFIER = "Sarang-Borude.Hidden-Box";
				PRODUCT_NAME = "$(TARGET_NAME)";
				SUPPORTED_PLATFORMS = "xros xrsimulator";
				SWIFT_EMIT_LOC_STRINGS = YES;
				SWIFT_VERSION = 5.0;
				TARGETED_DEVICE_FAMILY = 7;
			};
			name = Release;
		};
/* End XCBuildConfiguration section */

/* Begin XCConfigurationList section */
		279BAEA42C63AC75003DC88E /* Build configuration list for PBXProject "Hidden Box" */ = {
			isa = XCConfigurationList;
			buildConfigurations = (
				279BAEC02C63AC76003DC88E /* Debug */,
				279BAEC12C63AC76003DC88E /* Release */,
			);
			defaultConfigurationIsVisible = 0;
			defaultConfigurationName = Release;
		};
		279BAEC22C63AC76003DC88E /* Build configuration list for PBXNativeTarget "Hidden Box" */ = {
			isa = XCConfigurationList;
			buildConfigurations = (
				279BAEC32C63AC76003DC88E /* Debug */,
				279BAEC42C63AC76003DC88E /* Release */,
			);
			defaultConfigurationIsVisible = 0;
			defaultConfigurationName = Release;
		};
/* End XCConfigurationList section */

/* Begin XCSwiftPackageProductDependency section */
		279BAEAE2C63AC75003DC88E /* RealityKitContent */ = {
			isa = XCSwiftPackageProductDependency;
			productName = RealityKitContent;
		};
/* End XCSwiftPackageProductDependency section */
	};
	rootObject = 279BAEA12C63AC75003DC88E /* Project object */;
}
